
Microsoft Visual Studio Solution File, Format Version 12.00
# Visual Studio Version 17
VisualStudioVersion = 17.0.31903.59
MinimumVisualStudioVersion = 10.0.40219.1
Project("{FAE04EC0-301F-11D3-BF4B-00C04F79EFBC}") = "EFCore.SqlServer.VectorSearch", "EFCore.SqlServer.VectorSearch\EFCore.SqlServer.VectorSearch.csproj", "{F30851D2-D4F3-4812-8422-B0F560291324}"
EndProject
Project("{FAE04EC0-301F-11D3-BF4B-00C04F79EFBC}") = "EFCore.SqlServer.VectorSearch.Test", "EFCore.SqlServer.VectorSearch.Test\EFCore.SqlServer.VectorSearch.Test.csproj", "{A5611543-D6C3-443A-820B-5F5A1A157C30}"
EndProject
Global
	GlobalSection(SolutionConfigurationPlatforms) = preSolution
		Debug|Any CPU = Debug|Any CPU
		Release|Any CPU = Release|Any CPU
	EndGlobalSection
	GlobalSection(SolutionProperties) = preSolution
		HideSolutionNode = FALSE
	EndGlobalSection
	GlobalSection(ProjectConfigurationPlatforms) = postSolution
		{F30851D2-D4F3-4812-8422-B0F560291324}.Debug|Any CPU.ActiveCfg = Debug|Any CPU
		{F30851D2-D4F3-4812-8422-B0F560291324}.Debug|Any CPU.Build.0 = Debug|Any CPU
		{F30851D2-D4F3-4812-8422-B0F560291324}.Release|Any CPU.ActiveCfg = Release|Any CPU
		{F30851D2-D4F3-4812-8422-B0F560291324}.Release|Any CPU.Build.0 = Release|Any CPU
		{A5611543-D6C3-443A-820B-5F5A1A157C30}.Debug|Any CPU.ActiveCfg = Debug|Any CPU
		{A5611543-D6C3-443A-820B-5F5A1A157C30}.Debug|Any CPU.Build.0 = Debug|Any CPU
		{A5611543-D6C3-443A-820B-5F5A1A157C30}.Release|Any CPU.ActiveCfg = Release|Any CPU
		{A5611543-D6C3-443A-820B-5F5A1A157C30}.Release|Any CPU.Build.0 = Release|Any CPU
	EndGlobalSection
EndGlobal
